// !$*UTF8*$!
{
	archiveVersion = 1;
	classes = {
	};
	objectVersion = 46;
	objects = {

/* Begin PBXBuildFile section */
		45E428C01B71F9BB00D5EF80 /* ZQQQueation.m in Sources */ = {isa = PBXBuildFile; fileRef = 45E428BF1B71F9BB00D5EF80 /* ZQQQueation.m */; };
		45F03C731B71DABB0055A366 /* main.m in Sources */ = {isa = PBXBuildFile; fileRef = 45F03C721B71DABB0055A366 /* main.m */; };
		45F03C761B71DABB0055A366 /* AppDelegate.m in Sources */ = {isa = PBXBuildFile; fileRef = 45F03C751B71DABB0055A366 /* AppDelegate.m */; };
		45F03C791B71DABB0055A366 /* ViewController.m in Sources */ = {isa = PBXBuildFile; fileRef = 45F03C781B71DABB0055A366 /* ViewController.m */; };
		45F03C7C1B71DABB0055A366 /* Main.storyboard in Resources */ = {isa = PBXBuildFile; fileRef = 45F03C7A1B71DABB0055A366 /* Main.storyboard */; };
		45F03C7E1B71DABB0055A366 /* Images.xcassets in Resources */ = {isa = PBXBuildFile; fileRef = 45F03C7D1B71DABB0055A366 /* Images.xcassets */; };
		45F03C811B71DABB0055A366 /* LaunchScreen.xib in Resources */ = {isa = PBXBuildFile; fileRef = 45F03C7F1B71DABB0055A366 /* LaunchScreen.xib */; };
		45F03C8D1B71DABB0055A366 /* guessImageTests.m in Sources */ = {isa = PBXBuildFile; fileRef = 45F03C8C1B71DABB0055A366 /* guessImageTests.m */; };
		45F03C971B71DAE30055A366 /* questions.plist in Resources */ = {isa = PBXBuildFile; fileRef = 45F03C961B71DAE30055A366 /* questions.plist */; };
/* End PBXBuildFile section */

/* Begin PBXContainerItemProxy section */
		45F03C871B71DABB0055A366 /* PBXContainerItemProxy */ = {
			isa = PBXContainerItemProxy;
			containerPortal = 45F03C651B71DABB0055A366 /* Project object */;
			proxyType = 1;
			remoteGlobalIDString = 45F03C6C1B71DABB0055A366;
			remoteInfo = guessImage;
		};
/* End PBXContainerItemProxy section */

/* Begin PBXFileReference section */
		45E428BE1B71F9BB00D5EF80 /* ZQQQueation.h */ = {isa = PBXFileReference; fileEncoding = 4; lastKnownFileType = sourcecode.c.h; path = ZQQQueation.h; sourceTree = "<group>"; };
		45E428BF1B71F9BB00D5EF80 /* ZQQQueation.m */ = {isa = PBXFileReference; fileEncoding = 4; lastKnownFileType = sourcecode.c.objc; path = ZQQQueation.m; sourceTree = "<group>"; };
		45F03C6D1B71DABB0055A366 /* guessImage.app */ = {isa = PBXFileReference; explicitFileType = wrapper.application; includeInIndex = 0; path = guessImage.app; sourceTree = BUILT_PRODUCTS_DIR; };
		45F03C711B71DABB0055A366 /* Info.plist */ = {isa = PBXFileReference; lastKnownFileType = text.plist.xml; path = Info.plist; sourceTree = "<group>"; };
		45F03C721B71DABB0055A366 /* main.m */ = {isa = PBXFileReference; lastKnownFileType = sourcecode.c.objc; path = main.m; sourceTree = "<group>"; };
		45F03C741B71DABB0055A366 /* AppDelegate.h */ = {isa = PBXFileReference; lastKnownFileType = sourcecode.c.h; path = AppDelegate.h; sourceTree = "<group>"; };
		45F03C751B71DABB0055A366 /* AppDelegate.m */ = {isa = PBXFileReference; lastKnownFileType = sourcecode.c.objc; path = AppDelegate.m; sourceTree = "<group>"; };
		45F03C771B71DABB0055A366 /* ViewController.h */ = {isa = PBXFileReference; lastKnownFileType = sourcecode.c.h; path = ViewController.h; sourceTree = "<group>"; };
		45F03C781B71DABB0055A366 /* ViewController.m */ = {isa = PBXFileReference; lastKnownFileType = sourcecode.c.objc; path = ViewController.m; sourceTree = "<group>"; };
		45F03C7B1B71DABB0055A366 /* Base */ = {isa = PBXFileReference; lastKnownFileType = file.storyboard; name = Base; path = Base.lproj/Main.storyboard; sourceTree = "<group>"; };
		45F03C7D1B71DABB0055A366 /* Images.xcassets */ = {isa = PBXFileReference; lastKnownFileType = folder.assetcatalog; path = Images.xcassets; sourceTree = "<group>"; };
		45F03C801B71DABB0055A366 /* Base */ = {isa = PBXFileReference; lastKnownFileType = file.xib; name = Base; path = Base.lproj/LaunchScreen.xib; sourceTree = "<group>"; };
		45F03C861B71DABB0055A366 /* guessImageTests.xctest */ = {isa = PBXFileReference; explicitFileType = wrapper.cfbundle; includeInIndex = 0; path = guessImageTests.xctest; sourceTree = BUILT_PRODUCTS_DIR; };
		45F03C8B1B71DABB0055A366 /* Info.plist */ = {isa = PBXFileReference; lastKnownFileType = text.plist.xml; path = Info.plist; sourceTree = "<group>"; };
		45F03C8C1B71DABB0055A366 /* guessImageTests.m */ = {isa = PBXFileReference; lastKnownFileType = sourcecode.c.objc; path = guessImageTests.m; sourceTree = "<group>"; };
		45F03C961B71DAE30055A366 /* questions.plist */ = {isa = PBXFileReference; fileEncoding = 4; lastKnownFileType = text.plist.xml; name = questions.plist; path = "../../../MJ/0329ScrollView图片轮播/代码/05-传智猜图/01-传智猜图/questions.plist"; sourceTree = "<group>"; };
/* End PBXFileReference section */

/* Begin PBXFrameworksBuildPhase section */
		45F03C6A1B71DABB0055A366 /* Frameworks */ = {
			isa = PBXFrameworksBuildPhase;
			buildActionMask = 2147483647;
			files = (
			);
			runOnlyForDeploymentPostprocessing = 0;
		};
		45F03C831B71DABB0055A366 /* Frameworks */ = {
			isa = PBXFrameworksBuildPhase;
			buildActionMask = 2147483647;
			files = (
			);
			runOnlyForDeploymentPostprocessing = 0;
		};
/* End PBXFrameworksBuildPhase section */

/* Begin PBXGroup section */
		45F03C641B71DABB0055A366 = {
			isa = PBXGroup;
			children = (
				45F03C6F1B71DABB0055A366 /* guessImage */,
				45F03C891B71DABB0055A366 /* guessImageTests */,
				45F03C6E1B71DABB0055A366 /* Products */,
			);
			sourceTree = "<group>";
		};
		45F03C6E1B71DABB0055A366 /* Products */ = {
			isa = PBXGroup;
			children = (
				45F03C6D1B71DABB0055A366 /* guessImage.app */,
				45F03C861B71DABB0055A366 /* guessImageTests.xctest */,
			);
			name = Products;
			sourceTree = "<group>";
		};
		45F03C6F1B71DABB0055A366 /* guessImage */ = {
			isa = PBXGroup;
			children = (
				45F03C741B71DABB0055A366 /* AppDelegate.h */,
				45F03C751B71DABB0055A366 /* AppDelegate.m */,
				45F03C771B71DABB0055A366 /* ViewController.h */,
				45F03C781B71DABB0055A366 /* ViewController.m */,
				45E428BE1B71F9BB00D5EF80 /* ZQQQueation.h */,
				45E428BF1B71F9BB00D5EF80 /* ZQQQueation.m */,
				45F03C7A1B71DABB0055A366 /* Main.storyboard */,
				45F03C7D1B71DABB0055A366 /* Images.xcassets */,
				45F03C7F1B71DABB0055A366 /* LaunchScreen.xib */,
				45F03C701B71DABB0055A366 /* Supporting Files */,
			);
			path = guessImage;
			sourceTree = "<group>";
		};
		45F03C701B71DABB0055A366 /* Supporting Files */ = {
			isa = PBXGroup;
			children = (
				45F03C961B71DAE30055A366 /* questions.plist */,
				45F03C711B71DABB0055A366 /* Info.plist */,
				45F03C721B71DABB0055A366 /* main.m */,
			);
			name = "Supporting Files";
			sourceTree = "<group>";
		};
		45F03C891B71DABB0055A366 /* guessImageTests */ = {
			isa = PBXGroup;
			children = (
				45F03C8C1B71DABB0055A366 /* guessImageTests.m */,
				45F03C8A1B71DABB0055A366 /* Supporting Files */,
			);
			path = guessImageTests;
			sourceTree = "<group>";
		};
		45F03C8A1B71DABB0055A366 /* Supporting Files */ = {
			isa = PBXGroup;
			children = (
				45F03C8B1B71DABB0055A366 /* Info.plist */,
			);
			name = "Supporting Files";
			sourceTree = "<group>";
		};
/* End PBXGroup section */

/* Begin PBXNativeTarget section */
		45F03C6C1B71DABB0055A366 /* guessImage */ = {
			isa = PBXNativeTarget;
			buildConfigurationList = 45F03C901B71DABB0055A366 /* Build configuration list for PBXNativeTarget "guessImage" */;
			buildPhases = (
				45F03C691B71DABB0055A366 /* Sources */,
				45F03C6A1B71DABB0055A366 /* Frameworks */,
				45F03C6B1B71DABB0055A366 /* Resources */,
			);
			buildRules = (
			);
			dependencies = (
			);
			name = guessImage;
			productName = guessImage;
			productReference = 45F03C6D1B71DABB0055A366 /* guessImage.app */;
			productType = "com.apple.product-type.application";
		};
		45F03C851B71DABB0055A366 /* guessImageTests */ = {
			isa = PBXNativeTarget;
			buildConfigurationList = 45F03C931B71DABB0055A366 /* Build configuration list for PBXNativeTarget "guessImageTests" */;
			buildPhases = (
				45F03C821B71DABB0055A366 /* Sources */,
				45F03C831B71DABB0055A366 /* Frameworks */,
				45F03C841B71DABB0055A366 /* Resources */,
			);
			buildRules = (
			);
			dependencies = (
				45F03C881B71DABB0055A366 /* PBXTargetDependency */,
			);
			name = guessImageTests;
			productName = guessImageTests;
			productReference = 45F03C861B71DABB0055A366 /* guessImageTests.xctest */;
			productType = "com.apple.product-type.bundle.unit-test";
		};
/* End PBXNativeTarget section */

/* Begin PBXProject section */
		45F03C651B71DABB0055A366 /* Project object */ = {
			isa = PBXProject;
			attributes = {
				LastUpgradeCheck = 0610;
				ORGANIZATIONNAME = Zqq;
				TargetAttributes = {
					45F03C6C1B71DABB0055A366 = {
						CreatedOnToolsVersion = 6.1.1;
					};
					45F03C851B71DABB0055A366 = {
						CreatedOnToolsVersion = 6.1.1;
						TestTargetID = 45F03C6C1B71DABB0055A366;
					};
				};
			};
			buildConfigurationList = 45F03C681B71DABB0055A366 /* Build configuration list for PBXProject "guessImage" */;
			compatibilityVersion = "Xcode 3.2";
			developmentRegion = English;
			hasScannedForEncodings = 0;
			knownRegions = (
				en,
				Base,
			);
			mainGroup = 45F03C641B71DABB0055A366;
			productRefGroup = 45F03C6E1B71DABB0055A366 /* Products */;
			projectDirPath = "";
			projectRoot = "";
			targets = (
				45F03C6C1B71DABB0055A366 /* guessImage */,
				45F03C851B71DABB0055A366 /* guessImageTests */,
			);
		};
/* End PBXProject section */

/* Begin PBXResourcesBuildPhase section */
		45F03C6B1B71DABB0055A366 /* Resources */ = {
			isa = PBXResourcesBuildPhase;
			buildActionMask = 2147483647;
			files = (
				45F03C971B71DAE30055A366 /* questions.plist in Resources */,
				45F03C7C1B71DABB0055A366 /* Main.storyboard in Resources */,
				45F03C811B71DABB0055A366 /* LaunchScreen.xib in Resources */,
				45F03C7E1B71DABB0055A366 /* Images.xcassets in Resources */,
			);
			runOnlyForDeploymentPostprocessing = 0;
		};
		45F03C841B71DABB0055A366 /* Resources */ = {
			isa = PBXResourcesBuildPhase;
			buildActionMask = 2147483647;
			files = (
			);
			runOnlyForDeploymentPostprocessing = 0;
		};
/* End PBXResourcesBuildPhase section */

/* Begin PBXSourcesBuildPhase section */
		45F03C691B71DABB0055A366 /* Sources */ = {
			isa = PBXSourcesBuildPhase;
			buildActionMask = 2147483647;
			files = (
				45F03C791B71DABB0055A366 /* ViewController.m in Sources */,
				45F03C761B71DABB0055A366 /* AppDelegate.m in Sources */,
				45E428C01B71F9BB00D5EF80 /* ZQQQueation.m in Sources */,
				45F03C731B71DABB0055A366 /* main.m in Sources */,
			);
			runOnlyForDeploymentPostprocessing = 0;
		};
		45F03C821B71DABB0055A366 /* Sources */ = {
			isa = PBXSourcesBuildPhase;
			buildActionMask = 2147483647;
			files = (
				45F03C8D1B71DABB0055A366 /* guessImageTests.m in Sources */,
			);
			runOnlyForDeploymentPostprocessing = 0;
		};
/* End PBXSourcesBuildPhase section */

/* Begin PBXTargetDependency section */
		45F03C881B71DABB0055A366 /* PBXTargetDependency */ = {
			isa = PBXTargetDependency;
			target = 45F03C6C1B71DABB0055A366 /* guessImage */;
			targetProxy = 45F03C871B71DABB0055A366 /* PBXContainerItemProxy */;
		};
/* End PBXTargetDependency section */

/* Begin PBXVariantGroup section */
		45F03C7A1B71DABB0055A366 /* Main.storyboard */ = {
			isa = PBXVariantGroup;
			children = (
				45F03C7B1B71DABB0055A366 /* Base */,
			);
			name = Main.storyboard;
			sourceTree = "<group>";
		};
		45F03C7F1B71DABB0055A366 /* LaunchScreen.xib */ = {
			isa = PBXVariantGroup;
			children = (
				45F03C801B71DABB0055A366 /* Base */,
			);
			name = LaunchScreen.xib;
			sourceTree = "<group>";
		};
/* End PBXVariantGroup section */

/* Begin XCBuildConfiguration section */
		45F03C8E1B71DABB0055A366 /* Debug */ = {
			isa = XCBuildConfiguration;
			buildSettings = {
				ALWAYS_SEARCH_USER_PATHS = NO;
				CLANG_CXX_LANGUAGE_STANDARD = "gnu++0x";
				CLANG_CXX_LIBRARY = "libc++";
				CLANG_ENABLE_MODULES = YES;
				CLANG_ENABLE_OBJC_ARC = YES;
				CLANG_WARN_BOOL_CONVERSION = YES;
				CLANG_WARN_CONSTANT_CONVERSION = YES;
				CLANG_WARN_DIRECT_OBJC_ISA_USAGE = YES_ERROR;
				CLANG_WARN_EMPTY_BODY = YES;
				CLANG_WARN_ENUM_CONVERSION = YES;
				CLANG_WARN_INT_CONVERSION = YES;
				CLANG_WARN_OBJC_ROOT_CLASS = YES_ERROR;
				CLANG_WARN_UNREACHABLE_CODE = YES;
				CLANG_WARN__DUPLICATE_METHOD_MATCH = YES;
				"CODE_SIGN_IDENTITY[sdk=iphoneos*]" = "iPhone Developer";
				COPY_PHASE_STRIP = NO;
				ENABLE_STRICT_OBJC_MSGSEND = YES;
				GCC_C_LANGUAGE_STANDARD = gnu99;
				GCC_DYNAMIC_NO_PIC = NO;
				GCC_OPTIMIZATION_LEVEL = 0;
				GCC_PREPROCESSOR_DEFINITIONS = (
					"DEBUG=1",
					"$(inherited)",
				);
				GCC_SYMBOLS_PRIVATE_EXTERN = NO;
				GCC_WARN_64_TO_32_BIT_CONVERSION = YES;
				GCC_WARN_ABOUT_RETURN_TYPE = YES_ERROR;
				GCC_WARN_UNDECLARED_SELECTOR = YES;
				GCC_WARN_UNINITIALIZED_AUTOS = YES_AGGRESSIVE;
				GCC_WARN_UNUSED_FUNCTION = YES;
				GCC_WARN_UNUSED_VARIABLE = YES;
				IPHONEOS_DEPLOYMENT_TARGET = 8.1;
				MTL_ENABLE_DEBUG_INFO = YES;
				ONLY_ACTIVE_ARCH = YES;
				SDKROOT = iphoneos;
				TARGETED_DEVICE_FAMILY = "1,2";
			};
			name = Debug;
		};
		45F03C8F1B71DABB0055A366 /* Release */ = {
			isa = XCBuildConfiguration;
			buildSettings = {
				ALWAYS_SEARCH_USER_PATHS = NO;
				CLANG_CXX_LANGUAGE_STANDARD = "gnu++0x";
				CLANG_CXX_LIBRARY = "libc++";
				CLANG_ENABLE_MODULES = YES;
				CLANG_ENABLE_OBJC_ARC = YES;
				CLANG_WARN_BOOL_CONVERSION = YES;
				CLANG_WARN_CONSTANT_CONVERSION = YES;
				CLANG_WARN_DIRECT_OBJC_ISA_USAGE = YES_ERROR;
				CLANG_WARN_EMPTY_BODY = YES;
				CLANG_WARN_ENUM_CONVERSION = YES;
				CLANG_WARN_INT_CONVERSION = YES;
				CLANG_WARN_OBJC_ROOT_CLASS = YES_ERROR;
				CLANG_WARN_UNREACHABLE_CODE = YES;
				CLANG_WARN__DUPLICATE_METHOD_MATCH = YES;
				"CODE_SIGN_IDENTITY[sdk=iphoneos*]" = "iPhone Developer";
				COPY_PHASE_STRIP = YES;
				ENABLE_NS_ASSERTIONS = NO;
				ENABLE_STRICT_OBJC_MSGSEND = YES;
				GCC_C_LANGUAGE_STANDARD = gnu99;
				GCC_WARN_64_TO_32_BIT_CONVERSION = YES;
				GCC_WARN_ABOUT_RETURN_TYPE = YES_ERROR;
				GCC_WARN_UNDECLARED_SELECTOR = YES;
				GCC_WARN_UNINITIALIZED_AUTOS = YES_AGGRESSIVE;
				GCC_WARN_UNUSED_FUNCTION = YES;
				GCC_WARN_UNUSED_VARIABLE = YES;
				IPHONEOS_DEPLOYMENT_TARGET = 8.1;
				MTL_ENABLE_DEBUG_INFO = NO;
				SDKROOT = iphoneos;
				TARGETED_DEVICE_FAMILY = "1,2";
				VALIDATE_PRODUCT = YES;
			};
			name = Release;
		};
		45F03C911B71DABB0055A366 /* Debug */ = {
			isa = XCBuildConfiguration;
			buildSettings = {
				ASSETCATALOG_COMPILER_APPICON_NAME = AppIcon;
				ASSETCATALOG_COMPILER_LAUNCHIMAGE_NAME = LaunchImage;
				INFOPLIST_FILE = guessImage/Info.plist;
				LD_RUNPATH_SEARCH_PATHS = "$(inherited) @executable_path/Frameworks";
				PRODUCT_NAME = "$(TARGET_NAME)";
			};
			name = Debug;
		};
		45F03C921B71DABB0055A366 /* Release */ = {
			isa = XCBuildConfiguration;
			buildSettings = {
				ASSETCATALOG_COMPILER_APPICON_NAME = AppIcon;
				ASSETCATALOG_COMPILER_LAUNCHIMAGE_NAME = LaunchImage;
				INFOPLIST_FILE = guessImage/Info.plist;
				LD_RUNPATH_SEARCH_PATHS = "$(inherited) @executable_path/Frameworks";
				PRODUCT_NAME = "$(TARGET_NAME)";
			};
			name = Release;
		};
		45F03C941B71DABB0055A366 /* Debug */ = {
			isa = XCBuildConfiguration;
			buildSettings = {
				BUNDLE_LOADER = "$(TEST_HOST)";
				FRAMEWORK_SEARCH_PATHS = (
					"$(SDKROOT)/Developer/Library/Frameworks",
					"$(inherited)",
				);
				GCC_PREPROCESSOR_DEFINITIONS = (
					"DEBUG=1",
					"$(inherited)",
				);
				INFOPLIST_FILE = guessImageTests/Info.plist;
				LD_RUNPATH_SEARCH_PATHS = "$(inherited) @executable_path/Frameworks @loader_path/Frameworks";
				PRODUCT_NAME = "$(TARGET_NAME)";
				TEST_HOST = "$(BUILT_PRODUCTS_DIR)/guessImage.app/guessImage";
			};
			name = Debug;
		};
		45F03C951B71DABB0055A366 /* Release */ = {
			isa = XCBuildConfiguration;
			buildSettings = {
				BUNDLE_LOADER = "$(TEST_HOST)";
				FRAMEWORK_SEARCH_PATHS = (
					"$(SDKROOT)/Developer/Library/Frameworks",
					"$(inherited)",
				);
				INFOPLIST_FILE = guessImageTests/Info.plist;
				LD_RUNPATH_SEARCH_PATHS = "$(inherited) @executable_path/Frameworks @loader_path/Frameworks";
				PRODUCT_NAME = "$(TARGET_NAME)";
				TEST_HOST = "$(BUILT_PRODUCTS_DIR)/guessImage.app/guessImage";
			};
			name = Release;
		};
/* End XCBuildConfiguration section */

/* Begin XCConfigurationList section */
		45F03C681B71DABB0055A366 /* Build configuration list for PBXProject "guessImage" */ = {
			isa = XCConfigurationList;
			buildConfigurations = (
				45F03C8E1B71DABB0055A366 /* Debug */,
				45F03C8F1B71DABB0055A366 /* Release */,
			);
			defaultConfigurationIsVisible = 0;
			defaultConfigurationName = Release;
		};
		45F03C901B71DABB0055A366 /* Build configuration list for PBXNativeTarget "guessImage" */ = {
			isa = XCConfigurationList;
			buildConfigurations = (
				45F03C911B71DABB0055A366 /* Debug */,
				45F03C921B71DABB0055A366 /* Release */,
			);
			defaultConfigurationIsVisible = 0;
			defaultConfigurationName = Release;
		};
		45F03C931B71DABB0055A366 /* Build configuration list for PBXNativeTarget "guessImageTests" */ = {
			isa = XCConfigurationList;
			buildConfigurations = (
				45F03C941B71DABB0055A366 /* Debug */,
				45F03C951B71DABB0055A366 /* Release */,
			);
			defaultConfigurationIsVisible = 0;
			defaultConfigurationName = Release;
		};
/* End XCConfigurationList section */
	};
	rootObject = 45F03C651B71DABB0055A366 /* Project object */;
}
