// !$*UTF8*$!
{
	archiveVersion = 1;
	classes = {
	};
	objectVersion = 46;
	objects = {

/* Begin PBXBuildFile section */
		45BC85981B710E5A00957CA0 /* main.m in Sources */ = {isa = PBXBuildFile; fileRef = 45BC85971B710E5A00957CA0 /* main.m */; };
		45BC859B1B710E5A00957CA0 /* AppDelegate.m in Sources */ = {isa = PBXBuildFile; fileRef = 45BC859A1B710E5A00957CA0 /* AppDelegate.m */; };
		45BC859E1B710E5A00957CA0 /* ViewController.m in Sources */ = {isa = PBXBuildFile; fileRef = 45BC859D1B710E5A00957CA0 /* ViewController.m */; };
		45BC85A11B710E5A00957CA0 /* Main.storyboard in Resources */ = {isa = PBXBuildFile; fileRef = 45BC859F1B710E5A00957CA0 /* Main.storyboard */; };
		45BC85A31B710E5A00957CA0 /* Images.xcassets in Resources */ = {isa = PBXBuildFile; fileRef = 45BC85A21B710E5A00957CA0 /* Images.xcassets */; };
		45BC85A61B710E5A00957CA0 /* LaunchScreen.xib in Resources */ = {isa = PBXBuildFile; fileRef = 45BC85A41B710E5A00957CA0 /* LaunchScreen.xib */; };
		45BC85B21B710E5A00957CA0 /* scrollViewUseseTests.m in Sources */ = {isa = PBXBuildFile; fileRef = 45BC85B11B710E5A00957CA0 /* scrollViewUseseTests.m */; };
/* End PBXBuildFile section */

/* Begin PBXContainerItemProxy section */
		45BC85AC1B710E5A00957CA0 /* PBXContainerItemProxy */ = {
			isa = PBXContainerItemProxy;
			containerPortal = 45BC858A1B710E5A00957CA0 /* Project object */;
			proxyType = 1;
			remoteGlobalIDString = 45BC85911B710E5A00957CA0;
			remoteInfo = scrollViewUsese;
		};
/* End PBXContainerItemProxy section */

/* Begin PBXFileReference section */
		45BC85921B710E5A00957CA0 /* scrollViewUsese.app */ = {isa = PBXFileReference; explicitFileType = wrapper.application; includeInIndex = 0; path = scrollViewUsese.app; sourceTree = BUILT_PRODUCTS_DIR; };
		45BC85961B710E5A00957CA0 /* Info.plist */ = {isa = PBXFileReference; lastKnownFileType = text.plist.xml; path = Info.plist; sourceTree = "<group>"; };
		45BC85971B710E5A00957CA0 /* main.m */ = {isa = PBXFileReference; lastKnownFileType = sourcecode.c.objc; path = main.m; sourceTree = "<group>"; };
		45BC85991B710E5A00957CA0 /* AppDelegate.h */ = {isa = PBXFileReference; lastKnownFileType = sourcecode.c.h; path = AppDelegate.h; sourceTree = "<group>"; };
		45BC859A1B710E5A00957CA0 /* AppDelegate.m */ = {isa = PBXFileReference; lastKnownFileType = sourcecode.c.objc; path = AppDelegate.m; sourceTree = "<group>"; };
		45BC859C1B710E5A00957CA0 /* ViewController.h */ = {isa = PBXFileReference; lastKnownFileType = sourcecode.c.h; path = ViewController.h; sourceTree = "<group>"; };
		45BC859D1B710E5A00957CA0 /* ViewController.m */ = {isa = PBXFileReference; lastKnownFileType = sourcecode.c.objc; path = ViewController.m; sourceTree = "<group>"; };
		45BC85A01B710E5A00957CA0 /* Base */ = {isa = PBXFileReference; lastKnownFileType = file.storyboard; name = Base; path = Base.lproj/Main.storyboard; sourceTree = "<group>"; };
		45BC85A21B710E5A00957CA0 /* Images.xcassets */ = {isa = PBXFileReference; lastKnownFileType = folder.assetcatalog; path = Images.xcassets; sourceTree = "<group>"; };
		45BC85A51B710E5A00957CA0 /* Base */ = {isa = PBXFileReference; lastKnownFileType = file.xib; name = Base; path = Base.lproj/LaunchScreen.xib; sourceTree = "<group>"; };
		45BC85AB1B710E5A00957CA0 /* scrollViewUseseTests.xctest */ = {isa = PBXFileReference; explicitFileType = wrapper.cfbundle; includeInIndex = 0; path = scrollViewUseseTests.xctest; sourceTree = BUILT_PRODUCTS_DIR; };
		45BC85B01B710E5A00957CA0 /* Info.plist */ = {isa = PBXFileReference; lastKnownFileType = text.plist.xml; path = Info.plist; sourceTree = "<group>"; };
		45BC85B11B710E5A00957CA0 /* scrollViewUseseTests.m */ = {isa = PBXFileReference; lastKnownFileType = sourcecode.c.objc; path = scrollViewUseseTests.m; sourceTree = "<group>"; };
/* End PBXFileReference section */

/* Begin PBXFrameworksBuildPhase section */
		45BC858F1B710E5A00957CA0 /* Frameworks */ = {
			isa = PBXFrameworksBuildPhase;
			buildActionMask = 2147483647;
			files = (
			);
			runOnlyForDeploymentPostprocessing = 0;
		};
		45BC85A81B710E5A00957CA0 /* Frameworks */ = {
			isa = PBXFrameworksBuildPhase;
			buildActionMask = 2147483647;
			files = (
			);
			runOnlyForDeploymentPostprocessing = 0;
		};
/* End PBXFrameworksBuildPhase section */

/* Begin PBXGroup section */
		45BC85891B710E5A00957CA0 = {
			isa = PBXGroup;
			children = (
				45BC85941B710E5A00957CA0 /* scrollViewUsese */,
				45BC85AE1B710E5A00957CA0 /* scrollViewUseseTests */,
				45BC85931B710E5A00957CA0 /* Products */,
			);
			sourceTree = "<group>";
		};
		45BC85931B710E5A00957CA0 /* Products */ = {
			isa = PBXGroup;
			children = (
				45BC85921B710E5A00957CA0 /* scrollViewUsese.app */,
				45BC85AB1B710E5A00957CA0 /* scrollViewUseseTests.xctest */,
			);
			name = Products;
			sourceTree = "<group>";
		};
		45BC85941B710E5A00957CA0 /* scrollViewUsese */ = {
			isa = PBXGroup;
			children = (
				45BC85991B710E5A00957CA0 /* AppDelegate.h */,
				45BC859A1B710E5A00957CA0 /* AppDelegate.m */,
				45BC859C1B710E5A00957CA0 /* ViewController.h */,
				45BC859D1B710E5A00957CA0 /* ViewController.m */,
				45BC859F1B710E5A00957CA0 /* Main.storyboard */,
				45BC85A21B710E5A00957CA0 /* Images.xcassets */,
				45BC85A41B710E5A00957CA0 /* LaunchScreen.xib */,
				45BC85951B710E5A00957CA0 /* Supporting Files */,
			);
			path = scrollViewUsese;
			sourceTree = "<group>";
		};
		45BC85951B710E5A00957CA0 /* Supporting Files */ = {
			isa = PBXGroup;
			children = (
				45BC85961B710E5A00957CA0 /* Info.plist */,
				45BC85971B710E5A00957CA0 /* main.m */,
			);
			name = "Supporting Files";
			sourceTree = "<group>";
		};
		45BC85AE1B710E5A00957CA0 /* scrollViewUseseTests */ = {
			isa = PBXGroup;
			children = (
				45BC85B11B710E5A00957CA0 /* scrollViewUseseTests.m */,
				45BC85AF1B710E5A00957CA0 /* Supporting Files */,
			);
			path = scrollViewUseseTests;
			sourceTree = "<group>";
		};
		45BC85AF1B710E5A00957CA0 /* Supporting Files */ = {
			isa = PBXGroup;
			children = (
				45BC85B01B710E5A00957CA0 /* Info.plist */,
			);
			name = "Supporting Files";
			sourceTree = "<group>";
		};
/* End PBXGroup section */

/* Begin PBXNativeTarget section */
		45BC85911B710E5A00957CA0 /* scrollViewUsese */ = {
			isa = PBXNativeTarget;
			buildConfigurationList = 45BC85B51B710E5A00957CA0 /* Build configuration list for PBXNativeTarget "scrollViewUsese" */;
			buildPhases = (
				45BC858E1B710E5A00957CA0 /* Sources */,
				45BC858F1B710E5A00957CA0 /* Frameworks */,
				45BC85901B710E5A00957CA0 /* Resources */,
			);
			buildRules = (
			);
			dependencies = (
			);
			name = scrollViewUsese;
			productName = scrollViewUsese;
			productReference = 45BC85921B710E5A00957CA0 /* scrollViewUsese.app */;
			productType = "com.apple.product-type.application";
		};
		45BC85AA1B710E5A00957CA0 /* scrollViewUseseTests */ = {
			isa = PBXNativeTarget;
			buildConfigurationList = 45BC85B81B710E5A00957CA0 /* Build configuration list for PBXNativeTarget "scrollViewUseseTests" */;
			buildPhases = (
				45BC85A71B710E5A00957CA0 /* Sources */,
				45BC85A81B710E5A00957CA0 /* Frameworks */,
				45BC85A91B710E5A00957CA0 /* Resources */,
			);
			buildRules = (
			);
			dependencies = (
				45BC85AD1B710E5A00957CA0 /* PBXTargetDependency */,
			);
			name = scrollViewUseseTests;
			productName = scrollViewUseseTests;
			productReference = 45BC85AB1B710E5A00957CA0 /* scrollViewUseseTests.xctest */;
			productType = "com.apple.product-type.bundle.unit-test";
		};
/* End PBXNativeTarget section */

/* Begin PBXProject section */
		45BC858A1B710E5A00957CA0 /* Project object */ = {
			isa = PBXProject;
			attributes = {
				LastUpgradeCheck = 0610;
				ORGANIZATIONNAME = Zqq;
				TargetAttributes = {
					45BC85911B710E5A00957CA0 = {
						CreatedOnToolsVersion = 6.1.1;
					};
					45BC85AA1B710E5A00957CA0 = {
						CreatedOnToolsVersion = 6.1.1;
						TestTargetID = 45BC85911B710E5A00957CA0;
					};
				};
			};
			buildConfigurationList = 45BC858D1B710E5A00957CA0 /* Build configuration list for PBXProject "scrollViewUsese" */;
			compatibilityVersion = "Xcode 3.2";
			developmentRegion = English;
			hasScannedForEncodings = 0;
			knownRegions = (
				en,
				Base,
			);
			mainGroup = 45BC85891B710E5A00957CA0;
			productRefGroup = 45BC85931B710E5A00957CA0 /* Products */;
			projectDirPath = "";
			projectRoot = "";
			targets = (
				45BC85911B710E5A00957CA0 /* scrollViewUsese */,
				45BC85AA1B710E5A00957CA0 /* scrollViewUseseTests */,
			);
		};
/* End PBXProject section */

/* Begin PBXResourcesBuildPhase section */
		45BC85901B710E5A00957CA0 /* Resources */ = {
			isa = PBXResourcesBuildPhase;
			buildActionMask = 2147483647;
			files = (
				45BC85A11B710E5A00957CA0 /* Main.storyboard in Resources */,
				45BC85A61B710E5A00957CA0 /* LaunchScreen.xib in Resources */,
				45BC85A31B710E5A00957CA0 /* Images.xcassets in Resources */,
			);
			runOnlyForDeploymentPostprocessing = 0;
		};
		45BC85A91B710E5A00957CA0 /* Resources */ = {
			isa = PBXResourcesBuildPhase;
			buildActionMask = 2147483647;
			files = (
			);
			runOnlyForDeploymentPostprocessing = 0;
		};
/* End PBXResourcesBuildPhase section */

/* Begin PBXSourcesBuildPhase section */
		45BC858E1B710E5A00957CA0 /* Sources */ = {
			isa = PBXSourcesBuildPhase;
			buildActionMask = 2147483647;
			files = (
				45BC859E1B710E5A00957CA0 /* ViewController.m in Sources */,
				45BC859B1B710E5A00957CA0 /* AppDelegate.m in Sources */,
				45BC85981B710E5A00957CA0 /* main.m in Sources */,
			);
			runOnlyForDeploymentPostprocessing = 0;
		};
		45BC85A71B710E5A00957CA0 /* Sources */ = {
			isa = PBXSourcesBuildPhase;
			buildActionMask = 2147483647;
			files = (
				45BC85B21B710E5A00957CA0 /* scrollViewUseseTests.m in Sources */,
			);
			runOnlyForDeploymentPostprocessing = 0;
		};
/* End PBXSourcesBuildPhase section */

/* Begin PBXTargetDependency section */
		45BC85AD1B710E5A00957CA0 /* PBXTargetDependency */ = {
			isa = PBXTargetDependency;
			target = 45BC85911B710E5A00957CA0 /* scrollViewUsese */;
			targetProxy = 45BC85AC1B710E5A00957CA0 /* PBXContainerItemProxy */;
		};
/* End PBXTargetDependency section */

/* Begin PBXVariantGroup section */
		45BC859F1B710E5A00957CA0 /* Main.storyboard */ = {
			isa = PBXVariantGroup;
			children = (
				45BC85A01B710E5A00957CA0 /* Base */,
			);
			name = Main.storyboard;
			sourceTree = "<group>";
		};
		45BC85A41B710E5A00957CA0 /* LaunchScreen.xib */ = {
			isa = PBXVariantGroup;
			children = (
				45BC85A51B710E5A00957CA0 /* Base */,
			);
			name = LaunchScreen.xib;
			sourceTree = "<group>";
		};
/* End PBXVariantGroup section */

/* Begin XCBuildConfiguration section */
		45BC85B31B710E5A00957CA0 /* Debug */ = {
			isa = XCBuildConfiguration;
			buildSettings = {
				ALWAYS_SEARCH_USER_PATHS = NO;
				CLANG_CXX_LANGUAGE_STANDARD = "gnu++0x";
				CLANG_CXX_LIBRARY = "libc++";
				CLANG_ENABLE_MODULES = YES;
				CLANG_ENABLE_OBJC_ARC = YES;
				CLANG_WARN_BOOL_CONVERSION = YES;
				CLANG_WARN_CONSTANT_CONVERSION = YES;
				CLANG_WARN_DIRECT_OBJC_ISA_USAGE = YES_ERROR;
				CLANG_WARN_EMPTY_BODY = YES;
				CLANG_WARN_ENUM_CONVERSION = YES;
				CLANG_WARN_INT_CONVERSION = YES;
				CLANG_WARN_OBJC_ROOT_CLASS = YES_ERROR;
				CLANG_WARN_UNREACHABLE_CODE = YES;
				CLANG_WARN__DUPLICATE_METHOD_MATCH = YES;
				"CODE_SIGN_IDENTITY[sdk=iphoneos*]" = "iPhone Developer";
				COPY_PHASE_STRIP = NO;
				ENABLE_STRICT_OBJC_MSGSEND = YES;
				GCC_C_LANGUAGE_STANDARD = gnu99;
				GCC_DYNAMIC_NO_PIC = NO;
				GCC_OPTIMIZATION_LEVEL = 0;
				GCC_PREPROCESSOR_DEFINITIONS = (
					"DEBUG=1",
					"$(inherited)",
				);
				GCC_SYMBOLS_PRIVATE_EXTERN = NO;
				GCC_WARN_64_TO_32_BIT_CONVERSION = YES;
				GCC_WARN_ABOUT_RETURN_TYPE = YES_ERROR;
				GCC_WARN_UNDECLARED_SELECTOR = YES;
				GCC_WARN_UNINITIALIZED_AUTOS = YES_AGGRESSIVE;
				GCC_WARN_UNUSED_FUNCTION = YES;
				GCC_WARN_UNUSED_VARIABLE = YES;
				IPHONEOS_DEPLOYMENT_TARGET = 8.1;
				MTL_ENABLE_DEBUG_INFO = YES;
				ONLY_ACTIVE_ARCH = YES;
				SDKROOT = iphoneos;
				TARGETED_DEVICE_FAMILY = "1,2";
			};
			name = Debug;
		};
		45BC85B41B710E5A00957CA0 /* Release */ = {
			isa = XCBuildConfiguration;
			buildSettings = {
				ALWAYS_SEARCH_USER_PATHS = NO;
				CLANG_CXX_LANGUAGE_STANDARD = "gnu++0x";
				CLANG_CXX_LIBRARY = "libc++";
				CLANG_ENABLE_MODULES = YES;
				CLANG_ENABLE_OBJC_ARC = YES;
				CLANG_WARN_BOOL_CONVERSION = YES;
				CLANG_WARN_CONSTANT_CONVERSION = YES;
				CLANG_WARN_DIRECT_OBJC_ISA_USAGE = YES_ERROR;
				CLANG_WARN_EMPTY_BODY = YES;
				CLANG_WARN_ENUM_CONVERSION = YES;
				CLANG_WARN_INT_CONVERSION = YES;
				CLANG_WARN_OBJC_ROOT_CLASS = YES_ERROR;
				CLANG_WARN_UNREACHABLE_CODE = YES;
				CLANG_WARN__DUPLICATE_METHOD_MATCH = YES;
				"CODE_SIGN_IDENTITY[sdk=iphoneos*]" = "iPhone Developer";
				COPY_PHASE_STRIP = YES;
				ENABLE_NS_ASSERTIONS = NO;
				ENABLE_STRICT_OBJC_MSGSEND = YES;
				GCC_C_LANGUAGE_STANDARD = gnu99;
				GCC_WARN_64_TO_32_BIT_CONVERSION = YES;
				GCC_WARN_ABOUT_RETURN_TYPE = YES_ERROR;
				GCC_WARN_UNDECLARED_SELECTOR = YES;
				GCC_WARN_UNINITIALIZED_AUTOS = YES_AGGRESSIVE;
				GCC_WARN_UNUSED_FUNCTION = YES;
				GCC_WARN_UNUSED_VARIABLE = YES;
				IPHONEOS_DEPLOYMENT_TARGET = 8.1;
				MTL_ENABLE_DEBUG_INFO = NO;
				SDKROOT = iphoneos;
				TARGETED_DEVICE_FAMILY = "1,2";
				VALIDATE_PRODUCT = YES;
			};
			name = Release;
		};
		45BC85B61B710E5A00957CA0 /* Debug */ = {
			isa = XCBuildConfiguration;
			buildSettings = {
				ASSETCATALOG_COMPILER_APPICON_NAME = AppIcon;
				INFOPLIST_FILE = scrollViewUsese/Info.plist;
				LD_RUNPATH_SEARCH_PATHS = "$(inherited) @executable_path/Frameworks";
				PRODUCT_NAME = "$(TARGET_NAME)";
			};
			name = Debug;
		};
		45BC85B71B710E5A00957CA0 /* Release */ = {
			isa = XCBuildConfiguration;
			buildSettings = {
				ASSETCATALOG_COMPILER_APPICON_NAME = AppIcon;
				INFOPLIST_FILE = scrollViewUsese/Info.plist;
				LD_RUNPATH_SEARCH_PATHS = "$(inherited) @executable_path/Frameworks";
				PRODUCT_NAME = "$(TARGET_NAME)";
			};
			name = Release;
		};
		45BC85B91B710E5A00957CA0 /* Debug */ = {
			isa = XCBuildConfiguration;
			buildSettings = {
				BUNDLE_LOADER = "$(TEST_HOST)";
				FRAMEWORK_SEARCH_PATHS = (
					"$(SDKROOT)/Developer/Library/Frameworks",
					"$(inherited)",
				);
				GCC_PREPROCESSOR_DEFINITIONS = (
					"DEBUG=1",
					"$(inherited)",
				);
				INFOPLIST_FILE = scrollViewUseseTests/Info.plist;
				LD_RUNPATH_SEARCH_PATHS = "$(inherited) @executable_path/Frameworks @loader_path/Frameworks";
				PRODUCT_NAME = "$(TARGET_NAME)";
				TEST_HOST = "$(BUILT_PRODUCTS_DIR)/scrollViewUsese.app/scrollViewUsese";
			};
			name = Debug;
		};
		45BC85BA1B710E5A00957CA0 /* Release */ = {
			isa = XCBuildConfiguration;
			buildSettings = {
				BUNDLE_LOADER = "$(TEST_HOST)";
				FRAMEWORK_SEARCH_PATHS = (
					"$(SDKROOT)/Developer/Library/Frameworks",
					"$(inherited)",
				);
				INFOPLIST_FILE = scrollViewUseseTests/Info.plist;
				LD_RUNPATH_SEARCH_PATHS = "$(inherited) @executable_path/Frameworks @loader_path/Frameworks";
				PRODUCT_NAME = "$(TARGET_NAME)";
				TEST_HOST = "$(BUILT_PRODUCTS_DIR)/scrollViewUsese.app/scrollViewUsese";
			};
			name = Release;
		};
/* End XCBuildConfiguration section */

/* Begin XCConfigurationList section */
		45BC858D1B710E5A00957CA0 /* Build configuration list for PBXProject "scrollViewUsese" */ = {
			isa = XCConfigurationList;
			buildConfigurations = (
				45BC85B31B710E5A00957CA0 /* Debug */,
				45BC85B41B710E5A00957CA0 /* Release */,
			);
			defaultConfigurationIsVisible = 0;
			defaultConfigurationName = Release;
		};
		45BC85B51B710E5A00957CA0 /* Build configuration list for PBXNativeTarget "scrollViewUsese" */ = {
			isa = XCConfigurationList;
			buildConfigurations = (
				45BC85B61B710E5A00957CA0 /* Debug */,
				45BC85B71B710E5A00957CA0 /* Release */,
			);
			defaultConfigurationIsVisible = 0;
		};
		45BC85B81B710E5A00957CA0 /* Build configuration list for PBXNativeTarget "scrollViewUseseTests" */ = {
			isa = XCConfigurationList;
			buildConfigurations = (
				45BC85B91B710E5A00957CA0 /* Debug */,
				45BC85BA1B710E5A00957CA0 /* Release */,
			);
			defaultConfigurationIsVisible = 0;
		};
/* End XCConfigurationList section */
	};
	rootObject = 45BC858A1B710E5A00957CA0 /* Project object */;
}
